
Microsoft Visual Studio Solution File, Format Version 12.00
Project("{FAE04EC0-301F-11D3-BF4B-00C04F79EFBC}") = "p2client_C00279435", "p2client_C00279435\p2client_C00279435.csproj", "{08C3E73E-8BB6-4B9D-9D14-11F7AC270C24}"
EndProject
Global
	GlobalSection(SolutionConfigurationPlatforms) = preSolution
		Debug|Any CPU = Debug|Any CPU
		Release|Any CPU = Release|Any CPU
	EndGlobalSection
	GlobalSection(ProjectConfigurationPlatforms) = postSolution
		{08C3E73E-8BB6-4B9D-9D14-11F7AC270C24}.Debug|Any CPU.ActiveCfg = Debug|Any CPU
		{08C3E73E-8BB6-4B9D-9D14-11F7AC270C24}.Debug|Any CPU.Build.0 = Debug|Any CPU
		{08C3E73E-8BB6-4B9D-9D14-11F7AC270C24}.Release|Any CPU.ActiveCfg = Release|Any CPU
		{08C3E73E-8BB6-4B9D-9D14-11F7AC270C24}.Release|Any CPU.Build.0 = Release|Any CPU
	EndGlobalSection
EndGlobal
